
Microsoft Visual Studio Solution File, Format Version 12.00
# Visual Studio Version 16
VisualStudioVersion = 16.0.31624.102
MinimumVisualStudioVersion = 10.0.40219.1
Project("{FAE04EC0-301F-11D3-BF4B-00C04F79EFBC}") = "MeinErstesProjektVs-Florian", "MeinErstesProjektVs-Florian\MeinErstesProjektVs-Florian.csproj", "{E6F697DB-8A58-4A3D-9ABA-1A5B497294F6}"
EndProject
Project("{9A19103F-16F7-4668-BE54-9A1E7A4F7556}") = "SchleifenA5", "SchleifenA5\SchleifenA5.csproj", "{DABE961E-7F27-4954-90A8-F5329C7BDA72}"
EndProject
Project("{9A19103F-16F7-4668-BE54-9A1E7A4F7556}") = "SchleifenA6", "SchleifenA6\SchleifenA6.csproj", "{0FA5A913-3141-4901-A9B9-D56172A36F2C}"
EndProject
Project("{9A19103F-16F7-4668-BE54-9A1E7A4F7556}") = "SchleifenA7", "SchleifenA7\SchleifenA7.csproj", "{E9DCB2E7-6406-4ED2-829A-0D5B285912FD}"
EndProject
Project("{9A19103F-16F7-4668-BE54-9A1E7A4F7556}") = "Projektabreit 09.03.2022", "Projektabreit 09.02.2022\Projektabreit 09.03.2022.csproj", "{8BCE84DC-5DB6-4494-AC11-565C9C6068DF}"
EndProject
Project("{9A19103F-16F7-4668-BE54-9A1E7A4F7556}") = "Arrays", "Arrays\Arrays.csproj", "{3F21F993-492B-4F79-85A8-69C75B99817E}"
EndProject
Project("{FAE04EC0-301F-11D3-BF4B-00C04F79EFBC}") = "Methoden implementieren", "Methoden implementieren\Methoden implementieren.csproj", "{17963D27-3E57-434D-A3FE-E2E9851D2B0B}"
EndProject
Global
	GlobalSection(SolutionConfigurationPlatforms) = preSolution
		Debug|Any CPU = Debug|Any CPU
		Release|Any CPU = Release|Any CPU
	EndGlobalSection
	GlobalSection(ProjectConfigurationPlatforms) = postSolution
		{E6F697DB-8A58-4A3D-9ABA-1A5B497294F6}.Debug|Any CPU.ActiveCfg = Debug|Any CPU
		{E6F697DB-8A58-4A3D-9ABA-1A5B497294F6}.Debug|Any CPU.Build.0 = Debug|Any CPU
		{E6F697DB-8A58-4A3D-9ABA-1A5B497294F6}.Release|Any CPU.ActiveCfg = Release|Any CPU
		{E6F697DB-8A58-4A3D-9ABA-1A5B497294F6}.Release|Any CPU.Build.0 = Release|Any CPU
		{DABE961E-7F27-4954-90A8-F5329C7BDA72}.Debug|Any CPU.ActiveCfg = Debug|Any CPU
		{DABE961E-7F27-4954-90A8-F5329C7BDA72}.Debug|Any CPU.Build.0 = Debug|Any CPU
		{DABE961E-7F27-4954-90A8-F5329C7BDA72}.Release|Any CPU.ActiveCfg = Release|Any CPU
		{DABE961E-7F27-4954-90A8-F5329C7BDA72}.Release|Any CPU.Build.0 = Release|Any CPU
		{0FA5A913-3141-4901-A9B9-D56172A36F2C}.Debug|Any CPU.ActiveCfg = Debug|Any CPU
		{0FA5A913-3141-4901-A9B9-D56172A36F2C}.Debug|Any CPU.Build.0 = Debug|Any CPU
		{0FA5A913-3141-4901-A9B9-D56172A36F2C}.Release|Any CPU.ActiveCfg = Release|Any CPU
		{0FA5A913-3141-4901-A9B9-D56172A36F2C}.Release|Any CPU.Build.0 = Release|Any CPU
		{E9DCB2E7-6406-4ED2-829A-0D5B285912FD}.Debug|Any CPU.ActiveCfg = Debug|Any CPU
		{E9DCB2E7-6406-4ED2-829A-0D5B285912FD}.Debug|Any CPU.Build.0 = Debug|Any CPU
		{E9DCB2E7-6406-4ED2-829A-0D5B285912FD}.Release|Any CPU.ActiveCfg = Release|Any CPU
		{E9DCB2E7-6406-4ED2-829A-0D5B285912FD}.Release|Any CPU.Build.0 = Release|Any CPU
		{8BCE84DC-5DB6-4494-AC11-565C9C6068DF}.Debug|Any CPU.ActiveCfg = Debug|Any CPU
		{8BCE84DC-5DB6-4494-AC11-565C9C6068DF}.Debug|Any CPU.Build.0 = Debug|Any CPU
		{8BCE84DC-5DB6-4494-AC11-565C9C6068DF}.Release|Any CPU.ActiveCfg = Release|Any CPU
		{8BCE84DC-5DB6-4494-AC11-565C9C6068DF}.Release|Any CPU.Build.0 = Release|Any CPU
		{3F21F993-492B-4F79-85A8-69C75B99817E}.Debug|Any CPU.ActiveCfg = Debug|Any CPU
		{3F21F993-492B-4F79-85A8-69C75B99817E}.Debug|Any CPU.Build.0 = Debug|Any CPU
		{3F21F993-492B-4F79-85A8-69C75B99817E}.Release|Any CPU.ActiveCfg = Release|Any CPU
		{3F21F993-492B-4F79-85A8-69C75B99817E}.Release|Any CPU.Build.0 = Release|Any CPU
		{17963D27-3E57-434D-A3FE-E2E9851D2B0B}.Debug|Any CPU.ActiveCfg = Debug|Any CPU
		{17963D27-3E57-434D-A3FE-E2E9851D2B0B}.Debug|Any CPU.Build.0 = Debug|Any CPU
		{17963D27-3E57-434D-A3FE-E2E9851D2B0B}.Release|Any CPU.ActiveCfg = Release|Any CPU
		{17963D27-3E57-434D-A3FE-E2E9851D2B0B}.Release|Any CPU.Build.0 = Release|Any CPU
	EndGlobalSection
	GlobalSection(SolutionProperties) = preSolution
		HideSolutionNode = FALSE
	EndGlobalSection
	GlobalSection(ExtensibilityGlobals) = postSolution
		SolutionGuid = {E1F87F1E-F91A-43E3-90EC-478B5AC91945}
	EndGlobalSection
EndGlobal
